
Microsoft Visual Studio Solution File, Format Version 12.00
# Visual Studio 15
VisualStudioVersion = 15.0.28307.168
MinimumVisualStudioVersion = 10.0.40219.1
Project("{2150E333-8FDC-42A3-9474-1A3956D46DE8}") = "Solution Items", "Solution Items", "{AEBD0692-C838-4D3A-A1E3-8C0019F70AF8}"
	ProjectSection(SolutionItems) = preProject
		LICENSE = LICENSE
		README.md = README.md
	EndProjectSection
EndProject
Project("{FAE04EC0-301F-11D3-BF4B-00C04F79EFBC}") = "JniPMML-Cs", "JniPMML-Cs\JniPMML-Cs.csproj", "{E95BE638-0462-4F4A-B345-D530930EF35E}"
	ProjectSection(ProjectDependencies) = postProject
		{B5B5B1AD-014A-44AC-AC8F-1F8021748BE4} = {B5B5B1AD-014A-44AC-AC8F-1F8021748BE4}
		{37F2FFEA-F06F-4AAA-B92A-B9CCB82A4242} = {37F2FFEA-F06F-4AAA-B92A-B9CCB82A4242}
	EndProjectSection
EndProject
Project("{8BC9CEB8-8B4A-11D0-8D11-00A0C91BC942}") = "NMake", "scripts\NMakefile.vcxproj", "{D9665013-3672-4485-BBED-835FDB89053C}"
	ProjectSection(ProjectDependencies) = postProject
		{E95BE638-0462-4F4A-B345-D530930EF35E} = {E95BE638-0462-4F4A-B345-D530930EF35E}
		{B5B5B1AD-014A-44AC-AC8F-1F8021748BE4} = {B5B5B1AD-014A-44AC-AC8F-1F8021748BE4}
		{BD58EED9-49A1-4E26-9BAD-795DD1412A71} = {BD58EED9-49A1-4E26-9BAD-795DD1412A71}
		{37F2FFEA-F06F-4AAA-B92A-B9CCB82A4242} = {37F2FFEA-F06F-4AAA-B92A-B9CCB82A4242}
	EndProjectSection
EndProject
Project("{8BC9CEB8-8B4A-11D0-8D11-00A0C91BC942}") = "Doc", "WDS-JniPMML-Doc\DocNMakefile.vcxproj", "{A8B0A4CD-5285-4432-B03D-79569BEB31E5}"
	ProjectSection(ProjectDependencies) = postProject
		{D9665013-3672-4485-BBED-835FDB89053C} = {D9665013-3672-4485-BBED-835FDB89053C}
		{E95BE638-0462-4F4A-B345-D530930EF35E} = {E95BE638-0462-4F4A-B345-D530930EF35E}
		{B5B5B1AD-014A-44AC-AC8F-1F8021748BE4} = {B5B5B1AD-014A-44AC-AC8F-1F8021748BE4}
		{BD58EED9-49A1-4E26-9BAD-795DD1412A71} = {BD58EED9-49A1-4E26-9BAD-795DD1412A71}
		{37F2FFEA-F06F-4AAA-B92A-B9CCB82A4242} = {37F2FFEA-F06F-4AAA-B92A-B9CCB82A4242}
	EndProjectSection
EndProject
Project("{FAE04EC0-301F-11D3-BF4B-00C04F79EFBC}") = "WDS-Cs", "WDS-Cs\WDS-Cs.csproj", "{37F2FFEA-F06F-4AAA-B92A-B9CCB82A4242}"
EndProject
Project("{F184B08F-C81C-45F6-A57F-5ABD9991F28F}") = "WDS-VB", "WDS-VB\WDS-VB.vbproj", "{BD58EED9-49A1-4E26-9BAD-795DD1412A71}"
EndProject
Project("{F184B08F-C81C-45F6-A57F-5ABD9991F28F}") = "JniPMML-VB", "JniPMML-VB\JniPMML-VB.vbproj", "{B5B5B1AD-014A-44AC-AC8F-1F8021748BE4}"
EndProject
Project("{D954291E-2A0B-460D-934E-DC6B0785DB48}") = "WDS-VBA", "WDS-VBA\WDS-VBA.shproj", "{B19ED7C4-B209-4DDF-A54D-A576A7FBACF5}"
EndProject
Global
	GlobalSection(SubversionScc) = preSolution
		Svn-Managed = True
		Manager = AnkhSVN - Subversion Support for Visual Studio
	EndGlobalSection
	GlobalSection(SharedMSBuildProjectFiles) = preSolution
		WDS-VBA\WDS-VBA.projitems*{b19ed7c4-b209-4ddf-a54d-a576a7fbacf5}*SharedItemsImports = 13
	EndGlobalSection
	GlobalSection(SolutionConfigurationPlatforms) = preSolution
		Debug|Any CPU = Debug|Any CPU
		Debug|x64 = Debug|x64
		Release|Any CPU = Release|Any CPU
		Release|x64 = Release|x64
	EndGlobalSection
	GlobalSection(ProjectConfigurationPlatforms) = postSolution
		{E95BE638-0462-4F4A-B345-D530930EF35E}.Debug|Any CPU.ActiveCfg = Debug|Any CPU
		{E95BE638-0462-4F4A-B345-D530930EF35E}.Debug|Any CPU.Build.0 = Debug|Any CPU
		{E95BE638-0462-4F4A-B345-D530930EF35E}.Debug|x64.ActiveCfg = Debug|Any CPU
		{E95BE638-0462-4F4A-B345-D530930EF35E}.Debug|x64.Build.0 = Debug|Any CPU
		{E95BE638-0462-4F4A-B345-D530930EF35E}.Release|Any CPU.ActiveCfg = Release|Any CPU
		{E95BE638-0462-4F4A-B345-D530930EF35E}.Release|Any CPU.Build.0 = Release|Any CPU
		{E95BE638-0462-4F4A-B345-D530930EF35E}.Release|x64.ActiveCfg = Release|Any CPU
		{E95BE638-0462-4F4A-B345-D530930EF35E}.Release|x64.Build.0 = Release|Any CPU
		{D9665013-3672-4485-BBED-835FDB89053C}.Debug|Any CPU.ActiveCfg = Debug|x64
		{D9665013-3672-4485-BBED-835FDB89053C}.Debug|Any CPU.Build.0 = Debug|x64
		{D9665013-3672-4485-BBED-835FDB89053C}.Debug|x64.ActiveCfg = Debug|x64
		{D9665013-3672-4485-BBED-835FDB89053C}.Debug|x64.Build.0 = Debug|x64
		{D9665013-3672-4485-BBED-835FDB89053C}.Release|Any CPU.ActiveCfg = Release|x64
		{D9665013-3672-4485-BBED-835FDB89053C}.Release|Any CPU.Build.0 = Release|x64
		{D9665013-3672-4485-BBED-835FDB89053C}.Release|x64.ActiveCfg = Release|x64
		{D9665013-3672-4485-BBED-835FDB89053C}.Release|x64.Build.0 = Release|x64
		{A8B0A4CD-5285-4432-B03D-79569BEB31E5}.Debug|Any CPU.ActiveCfg = Debug|x64
		{A8B0A4CD-5285-4432-B03D-79569BEB31E5}.Debug|x64.ActiveCfg = Debug|x64
		{A8B0A4CD-5285-4432-B03D-79569BEB31E5}.Debug|x64.Build.0 = Debug|x64
		{A8B0A4CD-5285-4432-B03D-79569BEB31E5}.Release|Any CPU.ActiveCfg = Release|x64
		{A8B0A4CD-5285-4432-B03D-79569BEB31E5}.Release|x64.ActiveCfg = Release|x64
		{37F2FFEA-F06F-4AAA-B92A-B9CCB82A4242}.Debug|Any CPU.ActiveCfg = Debug|Any CPU
		{37F2FFEA-F06F-4AAA-B92A-B9CCB82A4242}.Debug|Any CPU.Build.0 = Debug|Any CPU
		{37F2FFEA-F06F-4AAA-B92A-B9CCB82A4242}.Debug|x64.ActiveCfg = Debug|Any CPU
		{37F2FFEA-F06F-4AAA-B92A-B9CCB82A4242}.Debug|x64.Build.0 = Debug|Any CPU
		{37F2FFEA-F06F-4AAA-B92A-B9CCB82A4242}.Release|Any CPU.ActiveCfg = Release|Any CPU
		{37F2FFEA-F06F-4AAA-B92A-B9CCB82A4242}.Release|Any CPU.Build.0 = Release|Any CPU
		{37F2FFEA-F06F-4AAA-B92A-B9CCB82A4242}.Release|x64.ActiveCfg = Release|Any CPU
		{37F2FFEA-F06F-4AAA-B92A-B9CCB82A4242}.Release|x64.Build.0 = Release|Any CPU
		{BD58EED9-49A1-4E26-9BAD-795DD1412A71}.Debug|Any CPU.ActiveCfg = Debug|Any CPU
		{BD58EED9-49A1-4E26-9BAD-795DD1412A71}.Debug|Any CPU.Build.0 = Debug|Any CPU
		{BD58EED9-49A1-4E26-9BAD-795DD1412A71}.Debug|x64.ActiveCfg = Debug|Any CPU
		{BD58EED9-49A1-4E26-9BAD-795DD1412A71}.Debug|x64.Build.0 = Debug|Any CPU
		{BD58EED9-49A1-4E26-9BAD-795DD1412A71}.Release|Any CPU.ActiveCfg = Release|Any CPU
		{BD58EED9-49A1-4E26-9BAD-795DD1412A71}.Release|Any CPU.Build.0 = Release|Any CPU
		{BD58EED9-49A1-4E26-9BAD-795DD1412A71}.Release|x64.ActiveCfg = Release|Any CPU
		{BD58EED9-49A1-4E26-9BAD-795DD1412A71}.Release|x64.Build.0 = Release|Any CPU
		{B5B5B1AD-014A-44AC-AC8F-1F8021748BE4}.Debug|Any CPU.ActiveCfg = Debug|Any CPU
		{B5B5B1AD-014A-44AC-AC8F-1F8021748BE4}.Debug|Any CPU.Build.0 = Debug|Any CPU
		{B5B5B1AD-014A-44AC-AC8F-1F8021748BE4}.Debug|x64.ActiveCfg = Debug|Any CPU
		{B5B5B1AD-014A-44AC-AC8F-1F8021748BE4}.Debug|x64.Build.0 = Debug|Any CPU
		{B5B5B1AD-014A-44AC-AC8F-1F8021748BE4}.Release|Any CPU.ActiveCfg = Release|Any CPU
		{B5B5B1AD-014A-44AC-AC8F-1F8021748BE4}.Release|Any CPU.Build.0 = Release|Any CPU
		{B5B5B1AD-014A-44AC-AC8F-1F8021748BE4}.Release|x64.ActiveCfg = Release|Any CPU
		{B5B5B1AD-014A-44AC-AC8F-1F8021748BE4}.Release|x64.Build.0 = Release|Any CPU
	EndGlobalSection
	GlobalSection(SolutionProperties) = preSolution
		HideSolutionNode = FALSE
	EndGlobalSection
	GlobalSection(ExtensibilityGlobals) = postSolution
		SolutionGuid = {35E1EB31-8695-435F-80EB-572750BC65F7}
	EndGlobalSection
EndGlobal
